
Microsoft Visual Studio Solution File, Format Version 12.00
# Visual Studio 15
VisualStudioVersion = 15.0.28010.2046
MinimumVisualStudioVersion = 10.0.40219.1
Project("{FAE04EC0-301F-11D3-BF4B-00C04F79EFBC}") = "WebCompatibilityChecker", "WebCompatibilityChecker\WebCompatibilityChecker.csproj", "{D3622C9B-4C5A-4AC9-91EA-E8854C4F06FD}"
EndProject
Global
	GlobalSection(SolutionConfigurationPlatforms) = preSolution
		Debug|Any CPU = Debug|Any CPU
		Release|Any CPU = Release|Any CPU
	EndGlobalSection
	GlobalSection(ProjectConfigurationPlatforms) = postSolution
		{D3622C9B-4C5A-4AC9-91EA-E8854C4F06FD}.Debug|Any CPU.ActiveCfg = Debug|Any CPU
		{D3622C9B-4C5A-4AC9-91EA-E8854C4F06FD}.Debug|Any CPU.Build.0 = Debug|Any CPU
		{D3622C9B-4C5A-4AC9-91EA-E8854C4F06FD}.Release|Any CPU.ActiveCfg = Release|Any CPU
		{D3622C9B-4C5A-4AC9-91EA-E8854C4F06FD}.Release|Any CPU.Build.0 = Release|Any CPU
	EndGlobalSection
	GlobalSection(SolutionProperties) = preSolution
		HideSolutionNode = FALSE
	EndGlobalSection
	GlobalSection(ExtensibilityGlobals) = postSolution
		SolutionGuid = {F0F0FEC5-2E30-4530-9388-FCDEE2847D39}
	EndGlobalSection
EndGlobal
